
Microsoft Visual Studio Solution File, Format Version 12.00
# Visual Studio Version 16
VisualStudioVersion = 25.0.1706.10
MinimumVisualStudioVersion = 10.0.40219.1
Project("{FAE04EC0-301F-11D3-BF4B-00C04F79EFBC}") = "NewRelic.Xamarin.Plugin", "NewRelic.Xamarin.Plugin.csproj", "{072FFBC7-EEC1-4BB6-A822-4A6616FAC6BA}"
EndProject
Global
	GlobalSection(SolutionConfigurationPlatforms) = preSolution
		Debug|Any CPU = Debug|Any CPU
		Release|Any CPU = Release|Any CPU
	EndGlobalSection
	GlobalSection(ProjectConfigurationPlatforms) = postSolution
		{072FFBC7-EEC1-4BB6-A822-4A6616FAC6BA}.Debug|Any CPU.ActiveCfg = Debug|Any CPU
		{072FFBC7-EEC1-4BB6-A822-4A6616FAC6BA}.Debug|Any CPU.Build.0 = Debug|Any CPU
		{072FFBC7-EEC1-4BB6-A822-4A6616FAC6BA}.Release|Any CPU.ActiveCfg = Release|Any CPU
		{072FFBC7-EEC1-4BB6-A822-4A6616FAC6BA}.Release|Any CPU.Build.0 = Release|Any CPU
	EndGlobalSection
	GlobalSection(SolutionProperties) = preSolution
		HideSolutionNode = FALSE
	EndGlobalSection
	GlobalSection(ExtensibilityGlobals) = postSolution
		SolutionGuid = {853B4208-F432-485F-AC70-5C0C3B704709}
	EndGlobalSection
EndGlobal
